
Microsoft Visual Studio Solution File, Format Version 12.00
# Visual Studio 14
VisualStudioVersion = 14.0.25123.0
MinimumVisualStudioVersion = 10.0.40219.1
Project("{FAE04EC0-301F-11D3-BF4B-00C04F79EFBC}") = "MaintInfo", "MaintInfo\MaintInfo.csproj", "{B963B537-570E-45F8-9030-4A30A4DBCA59}"
EndProject
Project("{FAE04EC0-301F-11D3-BF4B-00C04F79EFBC}") = "DALMaintInfo", "DAOMaintInfo\DALMaintInfo.csproj", "{707DA309-FE4A-459D-9BE0-3B9CBC0C9378}"
EndProject
Project("{FAE04EC0-301F-11D3-BF4B-00C04F79EFBC}") = "BLLMaintInfo", "BLLMaintInfo\BLLMaintInfo.csproj", "{7BF703E0-7663-4D18-B924-A9A7705D6090}"
EndProject
Project("{FAE04EC0-301F-11D3-BF4B-00C04F79EFBC}") = "BOMaintInfo", "BOMaintInfo\BOMaintInfo.csproj", "{6ADEF9CB-6507-436C-B52C-0D278AB1C1D4}"
EndProject
Global
	GlobalSection(SolutionConfigurationPlatforms) = preSolution
		Debug|Any CPU = Debug|Any CPU
		Release|Any CPU = Release|Any CPU
	EndGlobalSection
	GlobalSection(ProjectConfigurationPlatforms) = postSolution
		{B963B537-570E-45F8-9030-4A30A4DBCA59}.Debug|Any CPU.ActiveCfg = Debug|Any CPU
		{B963B537-570E-45F8-9030-4A30A4DBCA59}.Debug|Any CPU.Build.0 = Debug|Any CPU
		{B963B537-570E-45F8-9030-4A30A4DBCA59}.Release|Any CPU.ActiveCfg = Release|Any CPU
		{B963B537-570E-45F8-9030-4A30A4DBCA59}.Release|Any CPU.Build.0 = Release|Any CPU
		{707DA309-FE4A-459D-9BE0-3B9CBC0C9378}.Debug|Any CPU.ActiveCfg = Debug|Any CPU
		{707DA309-FE4A-459D-9BE0-3B9CBC0C9378}.Debug|Any CPU.Build.0 = Debug|Any CPU
		{707DA309-FE4A-459D-9BE0-3B9CBC0C9378}.Release|Any CPU.ActiveCfg = Release|Any CPU
		{707DA309-FE4A-459D-9BE0-3B9CBC0C9378}.Release|Any CPU.Build.0 = Release|Any CPU
		{7BF703E0-7663-4D18-B924-A9A7705D6090}.Debug|Any CPU.ActiveCfg = Debug|Any CPU
		{7BF703E0-7663-4D18-B924-A9A7705D6090}.Debug|Any CPU.Build.0 = Debug|Any CPU
		{7BF703E0-7663-4D18-B924-A9A7705D6090}.Release|Any CPU.ActiveCfg = Release|Any CPU
		{7BF703E0-7663-4D18-B924-A9A7705D6090}.Release|Any CPU.Build.0 = Release|Any CPU
		{6ADEF9CB-6507-436C-B52C-0D278AB1C1D4}.Debug|Any CPU.ActiveCfg = Debug|Any CPU
		{6ADEF9CB-6507-436C-B52C-0D278AB1C1D4}.Debug|Any CPU.Build.0 = Debug|Any CPU
		{6ADEF9CB-6507-436C-B52C-0D278AB1C1D4}.Release|Any CPU.ActiveCfg = Release|Any CPU
		{6ADEF9CB-6507-436C-B52C-0D278AB1C1D4}.Release|Any CPU.Build.0 = Release|Any CPU
	EndGlobalSection
	GlobalSection(SolutionProperties) = preSolution
		HideSolutionNode = FALSE
	EndGlobalSection
EndGlobal
